
Microsoft Visual Studio Solution File, Format Version 11.00
# Visual C# Express 2010
Project("{FAE04EC0-301F-11D3-BF4B-00C04F79EFBC}") = "disk_catalog", "disk_catalog\disk_catalog.csproj", "{3DFB72AA-59D5-444D-B0E7-1AEAB14E80FF}"
EndProject
Global
	GlobalSection(SolutionConfigurationPlatforms) = preSolution
		Debug|x86 = Debug|x86
		Release|x86 = Release|x86
	EndGlobalSection
	GlobalSection(ProjectConfigurationPlatforms) = postSolution
		{3DFB72AA-59D5-444D-B0E7-1AEAB14E80FF}.Debug|x86.ActiveCfg = Debug|x86
		{3DFB72AA-59D5-444D-B0E7-1AEAB14E80FF}.Debug|x86.Build.0 = Debug|x86
		{3DFB72AA-59D5-444D-B0E7-1AEAB14E80FF}.Release|x86.ActiveCfg = Release|x86
		{3DFB72AA-59D5-444D-B0E7-1AEAB14E80FF}.Release|x86.Build.0 = Release|x86
	EndGlobalSection
	GlobalSection(SolutionProperties) = preSolution
		HideSolutionNode = FALSE
	EndGlobalSection
EndGlobal
